{
  "pins" : [
    {
      "identity" : "mapkit-ios",
      "kind" : "remoteSourceControl",
      "location" : "https://github.com/yandex/mapkit-ios",
      "state" : {
        "revision" : "7dde3deed785d0cbb375cd2b7d8b69e6b8075f48",
        "version" : "4.39.1"
      }
    }
  ],
  "version" : 2
}
